# THIS IS AN AUTOGENERATED FILE. DO NOT EDIT THIS FILE DIRECTLY.
# yarn lockfile v1


bulma@^0.8.2:
  version "0.8.2"
  resolved "https://registry.yarnpkg.com/bulma/-/bulma-0.8.2.tgz#5d928f16ed4a84549c2873f95c92c38c69c631a7"
  integrity sha512-vMM/ijYSxX+Sm+nD7Lmc1UgWDy2JcL2nTKqwgEqXuOMU+IGALbXd5MLt/BcjBAPLIx36TtzhzBcSnOP974gcqA==

jquery@^3.5.1:
  version "3.5.1"
  resolved "https://registry.yarnpkg.com/jquery/-/jquery-3.5.1.tgz#d7b4d08e1bfdb86ad2f1a3d039ea17304717abb5"
  integrity sha512-XwIBPqcMn57FxfT+Go5pzySnm4KWkT1Tv7gjrpT1srtf8Weynl6R273VJ5GjkRb51IzMp5nbaPjJXMWeju2MKg==

jssha@^3.1.0:
  version "3.1.0"
  resolved "https://registry.yarnpkg.com/jssha/-/jssha-3.1.0.tgz#bc9d11cefeea5cdaf931cee12cc5771b31d80252"
  integrity sha512-tPCmr8xSLd8ug6N51k0rbF1tAQWZz1i/uCVHpCH9dl+Te+wM/T375R3lTexP3bk1HPmQ+NlJHQPYLmYuyk6slA==
