# THIS IS AN AUTOGENERATED FILE. DO NOT EDIT THIS FILE DIRECTLY.
# yarn lockfile v1


bulma-calendar@^6.0.7:
  version "6.0.7"
  resolved "https://registry.yarnpkg.com/bulma-calendar/-/bulma-calendar-6.0.7.tgz#123b39c6f237745f1595254d5bb7c193feb0905b"
  integrity sha512-hSb8Y8myovv0e0SIPLVPZGtaGIzL/6SkZM3JiK9OaqjcCZFtYYjBaYCpLstn93J95+46sf8KU9LHIxU4o+b1kg==
  dependencies:
    bulma latest
    date-and-time "^0.6.3"
    date-fns "^1.29.0"

bulma@^0.8.2, bulma@latest:
  version "0.8.2"
  resolved "https://registry.yarnpkg.com/bulma/-/bulma-0.8.2.tgz#5d928f16ed4a84549c2873f95c92c38c69c631a7"
  integrity sha512-vMM/ijYSxX+Sm+nD7Lmc1UgWDy2JcL2nTKqwgEqXuOMU+IGALbXd5MLt/BcjBAPLIx36TtzhzBcSnOP974gcqA==

date-and-time@^0.6.3:
  version "0.6.3"
  resolved "https://registry.yarnpkg.com/date-and-time/-/date-and-time-0.6.3.tgz#2daee52df67c28bd93bce862756ac86b68cf4237"
  integrity sha512-lcWy3AXDRJOD7MplwZMmNSRM//kZtJaLz4n6D1P5z9wEmZGBKhJRBIr1Xs9KNQJmdXPblvgffynYji4iylUTcA==

date-fns@^1.29.0:
  version "1.30.1"
  resolved "https://registry.yarnpkg.com/date-fns/-/date-fns-1.30.1.tgz#2e71bf0b119153dbb4cc4e88d9ea5acfb50dc05c"
  integrity sha512-hBSVCvSmWC+QypYObzwGOd9wqdDpOt+0wl0KbU+R+uuZBS1jN8VsD1ss3irQDknRj5NvxiTF6oj/nDRnN/UQNw==

jquery@^3.5.1:
  version "3.5.1"
  resolved "https://registry.yarnpkg.com/jquery/-/jquery-3.5.1.tgz#d7b4d08e1bfdb86ad2f1a3d039ea17304717abb5"
  integrity sha512-XwIBPqcMn57FxfT+Go5pzySnm4KWkT1Tv7gjrpT1srtf8Weynl6R273VJ5GjkRb51IzMp5nbaPjJXMWeju2MKg==

jssha@^3.1.0:
  version "3.1.0"
  resolved "https://registry.yarnpkg.com/jssha/-/jssha-3.1.0.tgz#bc9d11cefeea5cdaf931cee12cc5771b31d80252"
  integrity sha512-tPCmr8xSLd8ug6N51k0rbF1tAQWZz1i/uCVHpCH9dl+Te+wM/T375R3lTexP3bk1HPmQ+NlJHQPYLmYuyk6slA==
